
Microsoft Visual Studio Solution File, Format Version 12.00
# Visual Studio Version 17
VisualStudioVersion = 17.8.34511.84
MinimumVisualStudioVersion = 10.0.40219.1
Project("{FAE04EC0-301F-11D3-BF4B-00C04F79EFBC}") = "YCode.CustomDesigner.UI", "YCode.CustomDesigner.UI\YCode.CustomDesigner.UI.csproj", "{18D13DA0-05CB-4938-92CB-65864583B50C}"
EndProject
Project("{FAE04EC0-301F-11D3-BF4B-00C04F79EFBC}") = "YCode.CustomDesigner.Demo", "YCode.CustomDesigner.Demo\YCode.CustomDesigner.Demo.csproj", "{B6C5A4EC-E825-447A-BF05-EED2BF940D5A}"
EndProject
Global
	GlobalSection(SolutionConfigurationPlatforms) = preSolution
		Debug|Any CPU = Debug|Any CPU
		Release|Any CPU = Release|Any CPU
	EndGlobalSection
	GlobalSection(ProjectConfigurationPlatforms) = postSolution
		{18D13DA0-05CB-4938-92CB-65864583B50C}.Debug|Any CPU.ActiveCfg = Debug|Any CPU
		{18D13DA0-05CB-4938-92CB-65864583B50C}.Debug|Any CPU.Build.0 = Debug|Any CPU
		{18D13DA0-05CB-4938-92CB-65864583B50C}.Release|Any CPU.ActiveCfg = Release|Any CPU
		{18D13DA0-05CB-4938-92CB-65864583B50C}.Release|Any CPU.Build.0 = Release|Any CPU
		{B6C5A4EC-E825-447A-BF05-EED2BF940D5A}.Debug|Any CPU.ActiveCfg = Debug|Any CPU
		{B6C5A4EC-E825-447A-BF05-EED2BF940D5A}.Debug|Any CPU.Build.0 = Debug|Any CPU
		{B6C5A4EC-E825-447A-BF05-EED2BF940D5A}.Release|Any CPU.ActiveCfg = Release|Any CPU
		{B6C5A4EC-E825-447A-BF05-EED2BF940D5A}.Release|Any CPU.Build.0 = Release|Any CPU
	EndGlobalSection
	GlobalSection(SolutionProperties) = preSolution
		HideSolutionNode = FALSE
	EndGlobalSection
	GlobalSection(ExtensibilityGlobals) = postSolution
		SolutionGuid = {7D657BF4-6229-40C2-BDBE-2EF09F57BE79}
	EndGlobalSection
EndGlobal
